// !$*UTF8*$!
{
	archiveVersion = 1;
	classes = {
	};
	objectVersion = 52;
	objects = {

/* Begin PBXBuildFile section */
		BF36C7C926C1A93F00F1A03C /* AppDelegate.swift in Sources */ = {isa = PBXBuildFile; fileRef = BF36C7C826C1A93F00F1A03C /* AppDelegate.swift */; };
		BF36C7CB26C1A93F00F1A03C /* SceneDelegate.swift in Sources */ = {isa = PBXBuildFile; fileRef = BF36C7CA26C1A93F00F1A03C /* SceneDelegate.swift */; };
		BF36C7CD26C1A93F00F1A03C /* ViewController.swift in Sources */ = {isa = PBXBuildFile; fileRef = BF36C7CC26C1A93F00F1A03C /* ViewController.swift */; };
		BF36C7D226C1A94400F1A03C /* Assets.xcassets in Resources */ = {isa = PBXBuildFile; fileRef = BF36C7D126C1A94400F1A03C /* Assets.xcassets */; };
		BF36C7D526C1A94400F1A03C /* LaunchScreen.storyboard in Resources */ = {isa = PBXBuildFile; fileRef = BF36C7D326C1A94400F1A03C /* LaunchScreen.storyboard */; };
		BF36C7E026C1A94500F1A03C /* table_weatherTests.swift in Sources */ = {isa = PBXBuildFile; fileRef = BF36C7DF26C1A94500F1A03C /* table_weatherTests.swift */; };
		BF36C7EB26C1A94500F1A03C /* table_weatherUITests.swift in Sources */ = {isa = PBXBuildFile; fileRef = BF36C7EA26C1A94500F1A03C /* table_weatherUITests.swift */; };
		BF36C80C26C2AB4100F1A03C /* CustomTableViewCell.swift in Sources */ = {isa = PBXBuildFile; fileRef = BF36C80B26C2AB4100F1A03C /* CustomTableViewCell.swift */; };
		BF36C81126C2CE9400F1A03C /* WeatherData.swift in Sources */ = {isa = PBXBuildFile; fileRef = BF36C81026C2CE9400F1A03C /* WeatherData.swift */; };
		BF36C81626C2CED300F1A03C /* Weather.swift in Sources */ = {isa = PBXBuildFile; fileRef = BF36C81526C2CED300F1A03C /* Weather.swift */; };
		BF36C81C26C2D0D800F1A03C /* SnapKit in Frameworks */ = {isa = PBXBuildFile; productRef = BF36C81B26C2D0D800F1A03C /* SnapKit */; };
		BF36C82126C3073A00F1A03C /* Network.swift in Sources */ = {isa = PBXBuildFile; fileRef = BF36C82026C3073A00F1A03C /* Network.swift */; };
		BF36C82626C30C3500F1A03C /* getCitiesWeather.swift in Sources */ = {isa = PBXBuildFile; fileRef = BF36C82526C30C3500F1A03C /* getCitiesWeather.swift */; };
		BF36C82D26C4353500F1A03C /* DetailViewController.swift in Sources */ = {isa = PBXBuildFile; fileRef = BF36C82C26C4353500F1A03C /* DetailViewController.swift */; };
/* End PBXBuildFile section */

/* Begin PBXContainerItemProxy section */
		BF36C7DC26C1A94500F1A03C /* PBXContainerItemProxy */ = {
			isa = PBXContainerItemProxy;
			containerPortal = BF36C7BD26C1A93F00F1A03C /* Project object */;
			proxyType = 1;
			remoteGlobalIDString = BF36C7C426C1A93F00F1A03C;
			remoteInfo = table_weather;
		};
		BF36C7E726C1A94500F1A03C /* PBXContainerItemProxy */ = {
			isa = PBXContainerItemProxy;
			containerPortal = BF36C7BD26C1A93F00F1A03C /* Project object */;
			proxyType = 1;
			remoteGlobalIDString = BF36C7C426C1A93F00F1A03C;
			remoteInfo = table_weather;
		};
/* End PBXContainerItemProxy section */

/* Begin PBXFileReference section */
		BF36C7C526C1A93F00F1A03C /* table_weather.app */ = {isa = PBXFileReference; explicitFileType = wrapper.application; includeInIndex = 0; path = table_weather.app; sourceTree = BUILT_PRODUCTS_DIR; };
		BF36C7C826C1A93F00F1A03C /* AppDelegate.swift */ = {isa = PBXFileReference; lastKnownFileType = sourcecode.swift; path = AppDelegate.swift; sourceTree = "<group>"; };
		BF36C7CA26C1A93F00F1A03C /* SceneDelegate.swift */ = {isa = PBXFileReference; lastKnownFileType = sourcecode.swift; path = SceneDelegate.swift; sourceTree = "<group>"; };
		BF36C7CC26C1A93F00F1A03C /* ViewController.swift */ = {isa = PBXFileReference; lastKnownFileType = sourcecode.swift; path = ViewController.swift; sourceTree = "<group>"; };
		BF36C7D126C1A94400F1A03C /* Assets.xcassets */ = {isa = PBXFileReference; lastKnownFileType = folder.assetcatalog; path = Assets.xcassets; sourceTree = "<group>"; };
		BF36C7D426C1A94400F1A03C /* Base */ = {isa = PBXFileReference; lastKnownFileType = file.storyboard; name = Base; path = Base.lproj/LaunchScreen.storyboard; sourceTree = "<group>"; };
		BF36C7D626C1A94400F1A03C /* Info.plist */ = {isa = PBXFileReference; lastKnownFileType = text.plist.xml; path = Info.plist; sourceTree = "<group>"; };
		BF36C7DB26C1A94500F1A03C /* table_weatherTests.xctest */ = {isa = PBXFileReference; explicitFileType = wrapper.cfbundle; includeInIndex = 0; path = table_weatherTests.xctest; sourceTree = BUILT_PRODUCTS_DIR; };
		BF36C7DF26C1A94500F1A03C /* table_weatherTests.swift */ = {isa = PBXFileReference; lastKnownFileType = sourcecode.swift; path = table_weatherTests.swift; sourceTree = "<group>"; };
		BF36C7E126C1A94500F1A03C /* Info.plist */ = {isa = PBXFileReference; lastKnownFileType = text.plist.xml; path = Info.plist; sourceTree = "<group>"; };
		BF36C7E626C1A94500F1A03C /* table_weatherUITests.xctest */ = {isa = PBXFileReference; explicitFileType = wrapper.cfbundle; includeInIndex = 0; path = table_weatherUITests.xctest; sourceTree = BUILT_PRODUCTS_DIR; };
		BF36C7EA26C1A94500F1A03C /* table_weatherUITests.swift */ = {isa = PBXFileReference; lastKnownFileType = sourcecode.swift; path = table_weatherUITests.swift; sourceTree = "<group>"; };
		BF36C7EC26C1A94500F1A03C /* Info.plist */ = {isa = PBXFileReference; lastKnownFileType = text.plist.xml; path = Info.plist; sourceTree = "<group>"; };
		BF36C80B26C2AB4100F1A03C /* CustomTableViewCell.swift */ = {isa = PBXFileReference; lastKnownFileType = sourcecode.swift; path = CustomTableViewCell.swift; sourceTree = "<group>"; };
		BF36C81026C2CE9400F1A03C /* WeatherData.swift */ = {isa = PBXFileReference; lastKnownFileType = sourcecode.swift; path = WeatherData.swift; sourceTree = "<group>"; };
		BF36C81526C2CED300F1A03C /* Weather.swift */ = {isa = PBXFileReference; lastKnownFileType = sourcecode.swift; path = Weather.swift; sourceTree = "<group>"; };
		BF36C82026C3073A00F1A03C /* Network.swift */ = {isa = PBXFileReference; lastKnownFileType = sourcecode.swift; path = Network.swift; sourceTree = "<group>"; };
		BF36C82526C30C3500F1A03C /* getCitiesWeather.swift */ = {isa = PBXFileReference; lastKnownFileType = sourcecode.swift; path = getCitiesWeather.swift; sourceTree = "<group>"; };
		BF36C82C26C4353500F1A03C /* DetailViewController.swift */ = {isa = PBXFileReference; lastKnownFileType = sourcecode.swift; path = DetailViewController.swift; sourceTree = "<group>"; };
/* End PBXFileReference section */

/* Begin PBXFrameworksBuildPhase section */
		BF36C7C226C1A93F00F1A03C /* Frameworks */ = {
			isa = PBXFrameworksBuildPhase;
			buildActionMask = 2147483647;
			files = (
				BF36C81C26C2D0D800F1A03C /* SnapKit in Frameworks */,
			);
			runOnlyForDeploymentPostprocessing = 0;
		};
		BF36C7D826C1A94500F1A03C /* Frameworks */ = {
			isa = PBXFrameworksBuildPhase;
			buildActionMask = 2147483647;
			files = (
			);
			runOnlyForDeploymentPostprocessing = 0;
		};
		BF36C7E326C1A94500F1A03C /* Frameworks */ = {
			isa = PBXFrameworksBuildPhase;
			buildActionMask = 2147483647;
			files = (
			);
			runOnlyForDeploymentPostprocessing = 0;
		};
/* End PBXFrameworksBuildPhase section */

/* Begin PBXGroup section */
		BF36C7BC26C1A93E00F1A03C = {
			isa = PBXGroup;
			children = (
				BF36C7C726C1A93F00F1A03C /* table_weather */,
				BF36C7DE26C1A94500F1A03C /* table_weatherTests */,
				BF36C7E926C1A94500F1A03C /* table_weatherUITests */,
				BF36C7C626C1A93F00F1A03C /* Products */,
			);
			sourceTree = "<group>";
		};
		BF36C7C626C1A93F00F1A03C /* Products */ = {
			isa = PBXGroup;
			children = (
				BF36C7C526C1A93F00F1A03C /* table_weather.app */,
				BF36C7DB26C1A94500F1A03C /* table_weatherTests.xctest */,
				BF36C7E626C1A94500F1A03C /* table_weatherUITests.xctest */,
			);
			name = Products;
			sourceTree = "<group>";
		};
		BF36C7C726C1A93F00F1A03C /* table_weather */ = {
			isa = PBXGroup;
			children = (
				BF36C83E26C6957400F1A03C /* delegates */,
				BF36C83D26C6956600F1A03C /* controller */,
				BF36C83F26C6958700F1A03C /* model */,
				BF36C84626C695A000F1A03C /* view */,
				BF36C84726C6966600F1A03C /* service */,
				BF36C7D126C1A94400F1A03C /* Assets.xcassets */,
				BF36C7D326C1A94400F1A03C /* LaunchScreen.storyboard */,
				BF36C7D626C1A94400F1A03C /* Info.plist */,
			);
			path = table_weather;
			sourceTree = "<group>";
		};
		BF36C7DE26C1A94500F1A03C /* table_weatherTests */ = {
			isa = PBXGroup;
			children = (
				BF36C7DF26C1A94500F1A03C /* table_weatherTests.swift */,
				BF36C7E126C1A94500F1A03C /* Info.plist */,
			);
			path = table_weatherTests;
			sourceTree = "<group>";
		};
		BF36C7E926C1A94500F1A03C /* table_weatherUITests */ = {
			isa = PBXGroup;
			children = (
				BF36C7EA26C1A94500F1A03C /* table_weatherUITests.swift */,
				BF36C7EC26C1A94500F1A03C /* Info.plist */,
			);
			path = table_weatherUITests;
			sourceTree = "<group>";
		};
		BF36C83D26C6956600F1A03C /* controller */ = {
			isa = PBXGroup;
			children = (
				BF36C7CC26C1A93F00F1A03C /* ViewController.swift */,
				BF36C82C26C4353500F1A03C /* DetailViewController.swift */,
			);
			path = controller;
			sourceTree = "<group>";
		};
		BF36C83E26C6957400F1A03C /* delegates */ = {
			isa = PBXGroup;
			children = (
				BF36C7C826C1A93F00F1A03C /* AppDelegate.swift */,
				BF36C7CA26C1A93F00F1A03C /* SceneDelegate.swift */,
			);
			path = delegates;
			sourceTree = "<group>";
		};
		BF36C83F26C6958700F1A03C /* model */ = {
			isa = PBXGroup;
			children = (
				BF36C81026C2CE9400F1A03C /* WeatherData.swift */,
				BF36C81526C2CED300F1A03C /* Weather.swift */,
			);
			path = model;
			sourceTree = "<group>";
		};
		BF36C84626C695A000F1A03C /* view */ = {
			isa = PBXGroup;
			children = (
				BF36C80B26C2AB4100F1A03C /* CustomTableViewCell.swift */,
			);
			path = view;
			sourceTree = "<group>";
		};
		BF36C84726C6966600F1A03C /* service */ = {
			isa = PBXGroup;
			children = (
				BF36C82526C30C3500F1A03C /* getCitiesWeather.swift */,
				BF36C82026C3073A00F1A03C /* Network.swift */,
			);
			path = service;
			sourceTree = "<group>";
		};
/* End PBXGroup section */

/* Begin PBXNativeTarget section */
		BF36C7C426C1A93F00F1A03C /* table_weather */ = {
			isa = PBXNativeTarget;
			buildConfigurationList = BF36C7EF26C1A94500F1A03C /* Build configuration list for PBXNativeTarget "table_weather" */;
			buildPhases = (
				BF36C7C126C1A93F00F1A03C /* Sources */,
				BF36C7C226C1A93F00F1A03C /* Frameworks */,
				BF36C7C326C1A93F00F1A03C /* Resources */,
			);
			buildRules = (
			);
			dependencies = (
			);
			name = table_weather;
			packageProductDependencies = (
				BF36C81B26C2D0D800F1A03C /* SnapKit */,
			);
			productName = table_weather;
			productReference = BF36C7C526C1A93F00F1A03C /* table_weather.app */;
			productType = "com.apple.product-type.application";
		};
		BF36C7DA26C1A94500F1A03C /* table_weatherTests */ = {
			isa = PBXNativeTarget;
			buildConfigurationList = BF36C7F226C1A94500F1A03C /* Build configuration list for PBXNativeTarget "table_weatherTests" */;
			buildPhases = (
				BF36C7D726C1A94500F1A03C /* Sources */,
				BF36C7D826C1A94500F1A03C /* Frameworks */,
				BF36C7D926C1A94500F1A03C /* Resources */,
			);
			buildRules = (
			);
			dependencies = (
				BF36C7DD26C1A94500F1A03C /* PBXTargetDependency */,
			);
			name = table_weatherTests;
			productName = table_weatherTests;
			productReference = BF36C7DB26C1A94500F1A03C /* table_weatherTests.xctest */;
			productType = "com.apple.product-type.bundle.unit-test";
		};
		BF36C7E526C1A94500F1A03C /* table_weatherUITests */ = {
			isa = PBXNativeTarget;
			buildConfigurationList = BF36C7F526C1A94500F1A03C /* Build configuration list for PBXNativeTarget "table_weatherUITests" */;
			buildPhases = (
				BF36C7E226C1A94500F1A03C /* Sources */,
				BF36C7E326C1A94500F1A03C /* Frameworks */,
				BF36C7E426C1A94500F1A03C /* Resources */,
			);
			buildRules = (
			);
			dependencies = (
				BF36C7E826C1A94500F1A03C /* PBXTargetDependency */,
			);
			name = table_weatherUITests;
			productName = table_weatherUITests;
			productReference = BF36C7E626C1A94500F1A03C /* table_weatherUITests.xctest */;
			productType = "com.apple.product-type.bundle.ui-testing";
		};
/* End PBXNativeTarget section */

/* Begin PBXProject section */
		BF36C7BD26C1A93F00F1A03C /* Project object */ = {
			isa = PBXProject;
			attributes = {
				LastSwiftUpdateCheck = 1230;
				LastUpgradeCheck = 1230;
				TargetAttributes = {
					BF36C7C426C1A93F00F1A03C = {
						CreatedOnToolsVersion = 12.3;
					};
					BF36C7DA26C1A94500F1A03C = {
						CreatedOnToolsVersion = 12.3;
						TestTargetID = BF36C7C426C1A93F00F1A03C;
					};
					BF36C7E526C1A94500F1A03C = {
						CreatedOnToolsVersion = 12.3;
						TestTargetID = BF36C7C426C1A93F00F1A03C;
					};
				};
			};
			buildConfigurationList = BF36C7C026C1A93F00F1A03C /* Build configuration list for PBXProject "table_weather" */;
			compatibilityVersion = "Xcode 9.3";
			developmentRegion = en;
			hasScannedForEncodings = 0;
			knownRegions = (
				en,
				Base,
			);
			mainGroup = BF36C7BC26C1A93E00F1A03C;
			packageReferences = (
				BF36C81A26C2D0D800F1A03C /* XCRemoteSwiftPackageReference "SnapKit" */,
			);
			productRefGroup = BF36C7C626C1A93F00F1A03C /* Products */;
			projectDirPath = "";
			projectRoot = "";
			targets = (
				BF36C7C426C1A93F00F1A03C /* table_weather */,
				BF36C7DA26C1A94500F1A03C /* table_weatherTests */,
				BF36C7E526C1A94500F1A03C /* table_weatherUITests */,
			);
		};
/* End PBXProject section */

/* Begin PBXResourcesBuildPhase section */
		BF36C7C326C1A93F00F1A03C /* Resources */ = {
			isa = PBXResourcesBuildPhase;
			buildActionMask = 2147483647;
			files = (
				BF36C7D526C1A94400F1A03C /* LaunchScreen.storyboard in Resources */,
				BF36C7D226C1A94400F1A03C /* Assets.xcassets in Resources */,
			);
			runOnlyForDeploymentPostprocessing = 0;
		};
		BF36C7D926C1A94500F1A03C /* Resources */ = {
			isa = PBXResourcesBuildPhase;
			buildActionMask = 2147483647;
			files = (
			);
			runOnlyForDeploymentPostprocessing = 0;
		};
		BF36C7E426C1A94500F1A03C /* Resources */ = {
			isa = PBXResourcesBuildPhase;
			buildActionMask = 2147483647;
			files = (
			);
			runOnlyForDeploymentPostprocessing = 0;
		};
/* End PBXResourcesBuildPhase section */

/* Begin PBXSourcesBuildPhase section */
		BF36C7C126C1A93F00F1A03C /* Sources */ = {
			isa = PBXSourcesBuildPhase;
			buildActionMask = 2147483647;
			files = (
				BF36C82D26C4353500F1A03C /* DetailViewController.swift in Sources */,
				BF36C7CD26C1A93F00F1A03C /* ViewController.swift in Sources */,
				BF36C81126C2CE9400F1A03C /* WeatherData.swift in Sources */,
				BF36C82626C30C3500F1A03C /* getCitiesWeather.swift in Sources */,
				BF36C7C926C1A93F00F1A03C /* AppDelegate.swift in Sources */,
				BF36C80C26C2AB4100F1A03C /* CustomTableViewCell.swift in Sources */,
				BF36C81626C2CED300F1A03C /* Weather.swift in Sources */,
				BF36C82126C3073A00F1A03C /* Network.swift in Sources */,
				BF36C7CB26C1A93F00F1A03C /* SceneDelegate.swift in Sources */,
			);
			runOnlyForDeploymentPostprocessing = 0;
		};
		BF36C7D726C1A94500F1A03C /* Sources */ = {
			isa = PBXSourcesBuildPhase;
			buildActionMask = 2147483647;
			files = (
				BF36C7E026C1A94500F1A03C /* table_weatherTests.swift in Sources */,
			);
			runOnlyForDeploymentPostprocessing = 0;
		};
		BF36C7E226C1A94500F1A03C /* Sources */ = {
			isa = PBXSourcesBuildPhase;
			buildActionMask = 2147483647;
			files = (
				BF36C7EB26C1A94500F1A03C /* table_weatherUITests.swift in Sources */,
			);
			runOnlyForDeploymentPostprocessing = 0;
		};
/* End PBXSourcesBuildPhase section */

/* Begin PBXTargetDependency section */
		BF36C7DD26C1A94500F1A03C /* PBXTargetDependency */ = {
			isa = PBXTargetDependency;
			target = BF36C7C426C1A93F00F1A03C /* table_weather */;
			targetProxy = BF36C7DC26C1A94500F1A03C /* PBXContainerItemProxy */;
		};
		BF36C7E826C1A94500F1A03C /* PBXTargetDependency */ = {
			isa = PBXTargetDependency;
			target = BF36C7C426C1A93F00F1A03C /* table_weather */;
			targetProxy = BF36C7E726C1A94500F1A03C /* PBXContainerItemProxy */;
		};
/* End PBXTargetDependency section */

/* Begin PBXVariantGroup section */
		BF36C7D326C1A94400F1A03C /* LaunchScreen.storyboard */ = {
			isa = PBXVariantGroup;
			children = (
				BF36C7D426C1A94400F1A03C /* Base */,
			);
			name = LaunchScreen.storyboard;
			sourceTree = "<group>";
		};
/* End PBXVariantGroup section */

/* Begin XCBuildConfiguration section */
		BF36C7ED26C1A94500F1A03C /* Debug */ = {
			isa = XCBuildConfiguration;
			buildSettings = {
				ALWAYS_SEARCH_USER_PATHS = NO;
				CLANG_ANALYZER_NONNULL = YES;
				CLANG_ANALYZER_NUMBER_OBJECT_CONVERSION = YES_AGGRESSIVE;
				CLANG_CXX_LANGUAGE_STANDARD = "gnu++14";
				CLANG_CXX_LIBRARY = "libc++";
				CLANG_ENABLE_MODULES = YES;
				CLANG_ENABLE_OBJC_ARC = YES;
				CLANG_ENABLE_OBJC_WEAK = YES;
				CLANG_WARN_BLOCK_CAPTURE_AUTORELEASING = YES;
				CLANG_WARN_BOOL_CONVERSION = YES;
				CLANG_WARN_COMMA = YES;
				CLANG_WARN_CONSTANT_CONVERSION = YES;
				CLANG_WARN_DEPRECATED_OBJC_IMPLEMENTATIONS = YES;
				CLANG_WARN_DIRECT_OBJC_ISA_USAGE = YES_ERROR;
				CLANG_WARN_DOCUMENTATION_COMMENTS = YES;
				CLANG_WARN_EMPTY_BODY = YES;
				CLANG_WARN_ENUM_CONVERSION = YES;
				CLANG_WARN_INFINITE_RECURSION = YES;
				CLANG_WARN_INT_CONVERSION = YES;
				CLANG_WARN_NON_LITERAL_NULL_CONVERSION = YES;
				CLANG_WARN_OBJC_IMPLICIT_RETAIN_SELF = YES;
				CLANG_WARN_OBJC_LITERAL_CONVERSION = YES;
				CLANG_WARN_OBJC_ROOT_CLASS = YES_ERROR;
				CLANG_WARN_QUOTED_INCLUDE_IN_FRAMEWORK_HEADER = YES;
				CLANG_WARN_RANGE_LOOP_ANALYSIS = YES;
				CLANG_WARN_STRICT_PROTOTYPES = YES;
				CLANG_WARN_SUSPICIOUS_MOVE = YES;
				CLANG_WARN_UNGUARDED_AVAILABILITY = YES_AGGRESSIVE;
				CLANG_WARN_UNREACHABLE_CODE = YES;
				CLANG_WARN__DUPLICATE_METHOD_MATCH = YES;
				COPY_PHASE_STRIP = NO;
				DEBUG_INFORMATION_FORMAT = dwarf;
				ENABLE_STRICT_OBJC_MSGSEND = YES;
				ENABLE_TESTABILITY = YES;
				GCC_C_LANGUAGE_STANDARD = gnu11;
				GCC_DYNAMIC_NO_PIC = NO;
				GCC_NO_COMMON_BLOCKS = YES;
				GCC_OPTIMIZATION_LEVEL = 0;
				GCC_PREPROCESSOR_DEFINITIONS = (
					"DEBUG=1",
					"$(inherited)",
				);
				GCC_WARN_64_TO_32_BIT_CONVERSION = YES;
				GCC_WARN_ABOUT_RETURN_TYPE = YES_ERROR;
				GCC_WARN_UNDECLARED_SELECTOR = YES;
				GCC_WARN_UNINITIALIZED_AUTOS = YES_AGGRESSIVE;
				GCC_WARN_UNUSED_FUNCTION = YES;
				GCC_WARN_UNUSED_VARIABLE = YES;
				IPHONEOS_DEPLOYMENT_TARGET = 14.3;
				MTL_ENABLE_DEBUG_INFO = INCLUDE_SOURCE;
				MTL_FAST_MATH = YES;
				ONLY_ACTIVE_ARCH = YES;
				SDKROOT = iphoneos;
				SWIFT_ACTIVE_COMPILATION_CONDITIONS = DEBUG;
				SWIFT_OPTIMIZATION_LEVEL = "-Onone";
			};
			name = Debug;
		};
		BF36C7EE26C1A94500F1A03C /* Release */ = {
			isa = XCBuildConfiguration;
			buildSettings = {
				ALWAYS_SEARCH_USER_PATHS = NO;
				CLANG_ANALYZER_NONNULL = YES;
				CLANG_ANALYZER_NUMBER_OBJECT_CONVERSION = YES_AGGRESSIVE;
				CLANG_CXX_LANGUAGE_STANDARD = "gnu++14";
				CLANG_CXX_LIBRARY = "libc++";
				CLANG_ENABLE_MODULES = YES;
				CLANG_ENABLE_OBJC_ARC = YES;
				CLANG_ENABLE_OBJC_WEAK = YES;
				CLANG_WARN_BLOCK_CAPTURE_AUTORELEASING = YES;
				CLANG_WARN_BOOL_CONVERSION = YES;
				CLANG_WARN_COMMA = YES;
				CLANG_WARN_CONSTANT_CONVERSION = YES;
				CLANG_WARN_DEPRECATED_OBJC_IMPLEMENTATIONS = YES;
				CLANG_WARN_DIRECT_OBJC_ISA_USAGE = YES_ERROR;
				CLANG_WARN_DOCUMENTATION_COMMENTS = YES;
				CLANG_WARN_EMPTY_BODY = YES;
				CLANG_WARN_ENUM_CONVERSION = YES;
				CLANG_WARN_INFINITE_RECURSION = YES;
				CLANG_WARN_INT_CONVERSION = YES;
				CLANG_WARN_NON_LITERAL_NULL_CONVERSION = YES;
				CLANG_WARN_OBJC_IMPLICIT_RETAIN_SELF = YES;
				CLANG_WARN_OBJC_LITERAL_CONVERSION = YES;
				CLANG_WARN_OBJC_ROOT_CLASS = YES_ERROR;
				CLANG_WARN_QUOTED_INCLUDE_IN_FRAMEWORK_HEADER = YES;
				CLANG_WARN_RANGE_LOOP_ANALYSIS = YES;
				CLANG_WARN_STRICT_PROTOTYPES = YES;
				CLANG_WARN_SUSPICIOUS_MOVE = YES;
				CLANG_WARN_UNGUARDED_AVAILABILITY = YES_AGGRESSIVE;
				CLANG_WARN_UNREACHABLE_CODE = YES;
				CLANG_WARN__DUPLICATE_METHOD_MATCH = YES;
				COPY_PHASE_STRIP = NO;
				DEBUG_INFORMATION_FORMAT = "dwarf-with-dsym";
				ENABLE_NS_ASSERTIONS = NO;
				ENABLE_STRICT_OBJC_MSGSEND = YES;
				GCC_C_LANGUAGE_STANDARD = gnu11;
				GCC_NO_COMMON_BLOCKS = YES;
				GCC_WARN_64_TO_32_BIT_CONVERSION = YES;
				GCC_WARN_ABOUT_RETURN_TYPE = YES_ERROR;
				GCC_WARN_UNDECLARED_SELECTOR = YES;
				GCC_WARN_UNINITIALIZED_AUTOS = YES_AGGRESSIVE;
				GCC_WARN_UNUSED_FUNCTION = YES;
				GCC_WARN_UNUSED_VARIABLE = YES;
				IPHONEOS_DEPLOYMENT_TARGET = 14.3;
				MTL_ENABLE_DEBUG_INFO = NO;
				MTL_FAST_MATH = YES;
				SDKROOT = iphoneos;
				SWIFT_COMPILATION_MODE = wholemodule;
				SWIFT_OPTIMIZATION_LEVEL = "-O";
				VALIDATE_PRODUCT = YES;
			};
			name = Release;
		};
		BF36C7F026C1A94500F1A03C /* Debug */ = {
			isa = XCBuildConfiguration;
			buildSettings = {
				ASSETCATALOG_COMPILER_APPICON_NAME = AppIcon;
				ASSETCATALOG_COMPILER_GLOBAL_ACCENT_COLOR_NAME = AccentColor;
				CODE_SIGN_STYLE = Automatic;
				DEVELOPMENT_TEAM = 59S49A5L67;
				INFOPLIST_FILE = table_weather/Info.plist;
				IPHONEOS_DEPLOYMENT_TARGET = 12.4;
				LD_RUNPATH_SEARCH_PATHS = (
					"$(inherited)",
					"@executable_path/Frameworks",
				);
				PRODUCT_BUNDLE_IDENTIFIER = "petar.table-weather";
				PRODUCT_NAME = "$(TARGET_NAME)";
				SWIFT_VERSION = 5.0;
				TARGETED_DEVICE_FAMILY = "1,2";
			};
			name = Debug;
		};
		BF36C7F126C1A94500F1A03C /* Release */ = {
			isa = XCBuildConfiguration;
			buildSettings = {
				ASSETCATALOG_COMPILER_APPICON_NAME = AppIcon;
				ASSETCATALOG_COMPILER_GLOBAL_ACCENT_COLOR_NAME = AccentColor;
				CODE_SIGN_STYLE = Automatic;
				DEVELOPMENT_TEAM = 59S49A5L67;
				INFOPLIST_FILE = table_weather/Info.plist;
				IPHONEOS_DEPLOYMENT_TARGET = 12.4;
				LD_RUNPATH_SEARCH_PATHS = (
					"$(inherited)",
					"@executable_path/Frameworks",
				);
				PRODUCT_BUNDLE_IDENTIFIER = "petar.table-weather";
				PRODUCT_NAME = "$(TARGET_NAME)";
				SWIFT_VERSION = 5.0;
				TARGETED_DEVICE_FAMILY = "1,2";
			};
			name = Release;
		};
		BF36C7F326C1A94500F1A03C /* Debug */ = {
			isa = XCBuildConfiguration;
			buildSettings = {
				ALWAYS_EMBED_SWIFT_STANDARD_LIBRARIES = YES;
				BUNDLE_LOADER = "$(TEST_HOST)";
				CODE_SIGN_STYLE = Automatic;
				DEVELOPMENT_TEAM = 59S49A5L67;
				INFOPLIST_FILE = table_weatherTests/Info.plist;
				IPHONEOS_DEPLOYMENT_TARGET = 14.3;
				LD_RUNPATH_SEARCH_PATHS = (
					"$(inherited)",
					"@executable_path/Frameworks",
					"@loader_path/Frameworks",
				);
				PRODUCT_BUNDLE_IDENTIFIER = "petar.table-weatherTests";
				PRODUCT_NAME = "$(TARGET_NAME)";
				SWIFT_VERSION = 5.0;
				TARGETED_DEVICE_FAMILY = "1,2";
				TEST_HOST = "$(BUILT_PRODUCTS_DIR)/table_weather.app/table_weather";
			};
			name = Debug;
		};
		BF36C7F426C1A94500F1A03C /* Release */ = {
			isa = XCBuildConfiguration;
			buildSettings = {
				ALWAYS_EMBED_SWIFT_STANDARD_LIBRARIES = YES;
				BUNDLE_LOADER = "$(TEST_HOST)";
				CODE_SIGN_STYLE = Automatic;
				DEVELOPMENT_TEAM = 59S49A5L67;
				INFOPLIST_FILE = table_weatherTests/Info.plist;
				IPHONEOS_DEPLOYMENT_TARGET = 14.3;
				LD_RUNPATH_SEARCH_PATHS = (
					"$(inherited)",
					"@executable_path/Frameworks",
					"@loader_path/Frameworks",
				);
				PRODUCT_BUNDLE_IDENTIFIER = "petar.table-weatherTests";
				PRODUCT_NAME = "$(TARGET_NAME)";
				SWIFT_VERSION = 5.0;
				TARGETED_DEVICE_FAMILY = "1,2";
				TEST_HOST = "$(BUILT_PRODUCTS_DIR)/table_weather.app/table_weather";
			};
			name = Release;
		};
		BF36C7F626C1A94500F1A03C /* Debug */ = {
			isa = XCBuildConfiguration;
			buildSettings = {
				ALWAYS_EMBED_SWIFT_STANDARD_LIBRARIES = YES;
				CODE_SIGN_STYLE = Automatic;
				DEVELOPMENT_TEAM = 59S49A5L67;
				INFOPLIST_FILE = table_weatherUITests/Info.plist;
				LD_RUNPATH_SEARCH_PATHS = (
					"$(inherited)",
					"@executable_path/Frameworks",
					"@loader_path/Frameworks",
				);
				PRODUCT_BUNDLE_IDENTIFIER = "petar.table-weatherUITests";
				PRODUCT_NAME = "$(TARGET_NAME)";
				SWIFT_VERSION = 5.0;
				TARGETED_DEVICE_FAMILY = "1,2";
				TEST_TARGET_NAME = table_weather;
			};
			name = Debug;
		};
		BF36C7F726C1A94500F1A03C /* Release */ = {
			isa = XCBuildConfiguration;
			buildSettings = {
				ALWAYS_EMBED_SWIFT_STANDARD_LIBRARIES = YES;
				CODE_SIGN_STYLE = Automatic;
				DEVELOPMENT_TEAM = 59S49A5L67;
				INFOPLIST_FILE = table_weatherUITests/Info.plist;
				LD_RUNPATH_SEARCH_PATHS = (
					"$(inherited)",
					"@executable_path/Frameworks",
					"@loader_path/Frameworks",
				);
				PRODUCT_BUNDLE_IDENTIFIER = "petar.table-weatherUITests";
				PRODUCT_NAME = "$(TARGET_NAME)";
				SWIFT_VERSION = 5.0;
				TARGETED_DEVICE_FAMILY = "1,2";
				TEST_TARGET_NAME = table_weather;
			};
			name = Release;
		};
/* End XCBuildConfiguration section */

/* Begin XCConfigurationList section */
		BF36C7C026C1A93F00F1A03C /* Build configuration list for PBXProject "table_weather" */ = {
			isa = XCConfigurationList;
			buildConfigurations = (
				BF36C7ED26C1A94500F1A03C /* Debug */,
				BF36C7EE26C1A94500F1A03C /* Release */,
			);
			defaultConfigurationIsVisible = 0;
			defaultConfigurationName = Release;
		};
		BF36C7EF26C1A94500F1A03C /* Build configuration list for PBXNativeTarget "table_weather" */ = {
			isa = XCConfigurationList;
			buildConfigurations = (
				BF36C7F026C1A94500F1A03C /* Debug */,
				BF36C7F126C1A94500F1A03C /* Release */,
			);
			defaultConfigurationIsVisible = 0;
			defaultConfigurationName = Release;
		};
		BF36C7F226C1A94500F1A03C /* Build configuration list for PBXNativeTarget "table_weatherTests" */ = {
			isa = XCConfigurationList;
			buildConfigurations = (
				BF36C7F326C1A94500F1A03C /* Debug */,
				BF36C7F426C1A94500F1A03C /* Release */,
			);
			defaultConfigurationIsVisible = 0;
			defaultConfigurationName = Release;
		};
		BF36C7F526C1A94500F1A03C /* Build configuration list for PBXNativeTarget "table_weatherUITests" */ = {
			isa = XCConfigurationList;
			buildConfigurations = (
				BF36C7F626C1A94500F1A03C /* Debug */,
				BF36C7F726C1A94500F1A03C /* Release */,
			);
			defaultConfigurationIsVisible = 0;
			defaultConfigurationName = Release;
		};
/* End XCConfigurationList section */

/* Begin XCRemoteSwiftPackageReference section */
		BF36C81A26C2D0D800F1A03C /* XCRemoteSwiftPackageReference "SnapKit" */ = {
			isa = XCRemoteSwiftPackageReference;
			repositoryURL = "https://github.com/SnapKit/SnapKit.git";
			requirement = {
				kind = upToNextMajorVersion;
				minimumVersion = 5.0.1;
			};
		};
/* End XCRemoteSwiftPackageReference section */

/* Begin XCSwiftPackageProductDependency section */
		BF36C81B26C2D0D800F1A03C /* SnapKit */ = {
			isa = XCSwiftPackageProductDependency;
			package = BF36C81A26C2D0D800F1A03C /* XCRemoteSwiftPackageReference "SnapKit" */;
			productName = SnapKit;
		};
/* End XCSwiftPackageProductDependency section */
	};
	rootObject = BF36C7BD26C1A93F00F1A03C /* Project object */;
}
